
Microsoft Visual Studio Solution File, Format Version 12.00
# Visual Studio Version 16
VisualStudioVersion = 16.0.31727.386
MinimumVisualStudioVersion = 10.0.40219.1
Project("{FAE04EC0-301F-11D3-BF4B-00C04F79EFBC}") = "APIWebOrder", "APIWebOrder.csproj", "{A82B5B98-16B8-427D-9147-D6DB0BC838ED}"
EndProject
Global
	GlobalSection(SolutionConfigurationPlatforms) = preSolution
		Debug|Any CPU = Debug|Any CPU
		Release|Any CPU = Release|Any CPU
	EndGlobalSection
	GlobalSection(ProjectConfigurationPlatforms) = postSolution
		{A82B5B98-16B8-427D-9147-D6DB0BC838ED}.Debug|Any CPU.ActiveCfg = Debug|Any CPU
		{A82B5B98-16B8-427D-9147-D6DB0BC838ED}.Debug|Any CPU.Build.0 = Debug|Any CPU
		{A82B5B98-16B8-427D-9147-D6DB0BC838ED}.Release|Any CPU.ActiveCfg = Release|Any CPU
		{A82B5B98-16B8-427D-9147-D6DB0BC838ED}.Release|Any CPU.Build.0 = Release|Any CPU
	EndGlobalSection
	GlobalSection(SolutionProperties) = preSolution
		HideSolutionNode = FALSE
	EndGlobalSection
	GlobalSection(ExtensibilityGlobals) = postSolution
		SolutionGuid = {7FFD5D3E-6A93-4103-95DD-563117660647}
	EndGlobalSection
EndGlobal
